<?xml version="1.0" encoding="UTF-8"?>
<Scheme
   LastUpgradeVersion = "0730"
   version = "1.3">
   <BuildAction
      parallelizeBuildables = "YES"
      buildImplicitDependencies = "YES">
      <BuildActionEntries>
         <BuildActionEntry
            buildForTesting = "YES"
            buildForRunning = "YES"
            buildForProfiling = "YES"
            buildForArchiving = "YES"
            buildForAnalyzing = "YES">
            <BuildableReference
               BuildableIdentifier = "primary"
               BlueprintIdentifier = "10C2D2AC1D54491B00C4B855"
               BuildableName = "TareaPedidoPizzaAW WatchKit App.app"
               BlueprintName = "TareaPedidoPizzaAW WatchKit App"
               ReferencedContainer = "container:TareaPedidoPizzaAW.xcodeproj">
            </BuildableReference>
         </BuildActionEntry>
         <BuildActionEntry
            buildForTesting = "YES"
            buildForRunning = "YES"
            buildForProfiling = "YES"
            buildForArchiving = "YES"
            buildForAnalyzing = "YES">
            <BuildableReference
               BuildableIdentifier = "primary"
               BlueprintIdentifier = "10C2D29A1D54491B00C4B855"
               BuildableName = "TareaPedidoPizzaAW.app"
               BlueprintName = "TareaPedidoPizzaAW"
               ReferencedContainer = "container:TareaPedidoPizzaAW.xcodeproj">
            </BuildableReference>
         </BuildActionEntry>
         <BuildActionEntry
            buildForTesting = "YES"
            buildForRunning = "YES"
            buildForProfiling = "YES"
            buildForArchiving = "YES"
            buildForAnalyzing = "YES">
            <BuildableReference
               BuildableIdentifier = "primary"
               BlueprintIdentifier = "10C2D2BB1D54491C00C4B855"
               BuildableName = "TareaPedidoPizzaAW WatchKit Extension.appex"
               BlueprintName = "TareaPedidoPizzaAW WatchKit Extension"
               ReferencedContainer = "container:TareaPedidoPizzaAW.xcodeproj">
            </BuildableReference>
         </BuildActionEntry>
      </BuildActionEntries>
   </BuildAction>
   <TestAction
      buildConfiguration = "Debug"
      selectedDebuggerIdentifier = "Xcode.DebuggerFoundation.Debugger.LLDB"
      selectedLauncherIdentifier = "Xcode.DebuggerFoundation.Launcher.LLDB"
      shouldUseLaunchSchemeArgsEnv = "YES">
      <Testables>
      </Testables>
      <MacroExpansion>
         <BuildableReference
            BuildableIdentifier = "primary"
            BlueprintIdentifier = "10C2D2AC1D54491B00C4B855"
            BuildableName = "TareaPedidoPizzaAW WatchKit App.app"
            BlueprintName = "TareaPedidoPizzaAW WatchKit App"
            ReferencedContainer = "container:TareaPedidoPizzaAW.xcodeproj">
         </BuildableReference>
      </MacroExpansion>
      <AdditionalOptions>
      </AdditionalOptions>
   </TestAction>
   <LaunchAction
      buildConfiguration = "Debug"
      selectedDebuggerIdentifier = "Xcode.DebuggerFoundation.Debugger.LLDB"
      selectedLauncherIdentifier = "Xcode.DebuggerFoundation.Launcher.LLDB"
      launchStyle = "0"
      useCustomWorkingDirectory = "NO"
      ignoresPersistentStateOnLaunch = "NO"
      debugDocumentVersioning = "YES"
      debugServiceExtension = "internal"
      allowLocationSimulation = "YES">
      <RemoteRunnable
         runnableDebuggingMode = "2"
         BundleIdentifier = "com.apple.carousel"
         RemotePath = "/TareaPedidoPizzaAW WatchKit App">
         <BuildableReference
            BuildableIdentifier = "primary"
            BlueprintIdentifier = "10C2D2AC1D54491B00C4B855"
            BuildableName = "TareaPedidoPizzaAW WatchKit App.app"
            BlueprintName = "TareaPedidoPizzaAW WatchKit App"
            ReferencedContainer = "container:TareaPedidoPizzaAW.xcodeproj">
         </BuildableReference>
      </RemoteRunnable>
      <MacroExpansion>
         <BuildableReference
            BuildableIdentifier = "primary"
            BlueprintIdentifier = "10C2D2AC1D54491B00C4B855"
            BuildableName = "TareaPedidoPizzaAW WatchKit App.app"
            BlueprintName = "TareaPedidoPizzaAW WatchKit App"
            ReferencedContainer = "container:TareaPedidoPizzaAW.xcodeproj">
         </BuildableReference>
      </MacroExpansion>
      <AdditionalOptions>
      </AdditionalOptions>
   </LaunchAction>
   <ProfileAction
      buildConfiguration = "Release"
      shouldUseLaunchSchemeArgsEnv = "YES"
      savedToolIdentifier = ""
      useCustomWorkingDirectory = "NO"
      debugDocumentVersioning = "YES">
      <RemoteRunnable
         runnableDebuggingMode = "2"
         BundleIdentifier = "com.apple.carousel"
         RemotePath = "/TareaPedidoPizzaAW WatchKit App">
         <BuildableReference
            BuildableIdentifier = "primary"
            BlueprintIdentifier = "10C2D2AC1D54491B00C4B855"
            BuildableName = "TareaPedidoPizzaAW WatchKit App.app"
            BlueprintName = "TareaPedidoPizzaAW WatchKit App"
            ReferencedContainer = "container:TareaPedidoPizzaAW.xcodeproj">
         </BuildableReference>
      </RemoteRunnable>
      <MacroExpansion>
         <BuildableReference
            BuildableIdentifier = "primary"
            BlueprintIdentifier = "10C2D2AC1D54491B00C4B855"
            BuildableName = "TareaPedidoPizzaAW WatchKit App.app"
            BlueprintName = "TareaPedidoPizzaAW WatchKit App"
            ReferencedContainer = "container:TareaPedidoPizzaAW.xcodeproj">
         </BuildableReference>
      </MacroExpansion>
   </ProfileAction>
   <AnalyzeAction
      buildConfiguration = "Debug">
   </AnalyzeAction>
   <ArchiveAction
      buildConfiguration = "Release"
      revealArchiveInOrganizer = "YES">
   </ArchiveAction>
</Scheme>
